
Microsoft Visual Studio Solution File, Format Version 12.00
# Visual Studio Version 16
VisualStudioVersion = 16.0.29411.108
MinimumVisualStudioVersion = 10.0.40219.1
Project("{FAE04EC0-301F-11D3-BF4B-00C04F79EFBC}") = "Project2_Word_Guess", "Project2_Word_Guess.csproj", "{971E8BD9-4824-4E31-8634-4DA3D5F52D0A}"
EndProject
Global
	GlobalSection(SolutionConfigurationPlatforms) = preSolution
		Debug|Any CPU = Debug|Any CPU
		Release|Any CPU = Release|Any CPU
	EndGlobalSection
	GlobalSection(ProjectConfigurationPlatforms) = postSolution
		{971E8BD9-4824-4E31-8634-4DA3D5F52D0A}.Debug|Any CPU.ActiveCfg = Debug|Any CPU
		{971E8BD9-4824-4E31-8634-4DA3D5F52D0A}.Debug|Any CPU.Build.0 = Debug|Any CPU
		{971E8BD9-4824-4E31-8634-4DA3D5F52D0A}.Release|Any CPU.ActiveCfg = Release|Any CPU
		{971E8BD9-4824-4E31-8634-4DA3D5F52D0A}.Release|Any CPU.Build.0 = Release|Any CPU
	EndGlobalSection
	GlobalSection(SolutionProperties) = preSolution
		HideSolutionNode = FALSE
	EndGlobalSection
	GlobalSection(ExtensibilityGlobals) = postSolution
		SolutionGuid = {F9A33717-825C-4520-9607-3A6AC5922D9C}
	EndGlobalSection
EndGlobal
